// !$*UTF8*$!
{
	archiveVersion = 1;
	classes = {
	};
	objectVersion = 50;
	objects = {

/* Begin PBXBuildFile section */
		D703A15A257DBEEA00A427BA /* Refuel.swift in Sources */ = {isa = PBXBuildFile; fileRef = D703A159257DBEEA00A427BA /* Refuel.swift */; };
		D7C9627D257B459F001B1D42 /* AppDelegate.swift in Sources */ = {isa = PBXBuildFile; fileRef = D7C9627C257B459F001B1D42 /* AppDelegate.swift */; };
		D7C9627F257B459F001B1D42 /* SceneDelegate.swift in Sources */ = {isa = PBXBuildFile; fileRef = D7C9627E257B459F001B1D42 /* SceneDelegate.swift */; };
		D7C96281257B459F001B1D42 /* AddRefuelController.swift in Sources */ = {isa = PBXBuildFile; fileRef = D7C96280257B459F001B1D42 /* AddRefuelController.swift */; };
		D7C96287257B459F001B1D42 /* Refuel.xcdatamodeld in Sources */ = {isa = PBXBuildFile; fileRef = D7C96285257B459F001B1D42 /* Refuel.xcdatamodeld */; };
		D7C96289257B45A7001B1D42 /* Assets.xcassets in Resources */ = {isa = PBXBuildFile; fileRef = D7C96288257B45A7001B1D42 /* Assets.xcassets */; };
		D7C9628C257B45A7001B1D42 /* LaunchScreen.storyboard in Resources */ = {isa = PBXBuildFile; fileRef = D7C9628A257B45A7001B1D42 /* LaunchScreen.storyboard */; };
		D7C96298257B4D0E001B1D42 /* MainTabBarController.swift in Sources */ = {isa = PBXBuildFile; fileRef = D7C96297257B4D0E001B1D42 /* MainTabBarController.swift */; };
		D7C962A1257B5025001B1D42 /* Constants.swift in Sources */ = {isa = PBXBuildFile; fileRef = D7C962A0257B5025001B1D42 /* Constants.swift */; };
		D7C962A4257B5493001B1D42 /* RefuelsController.swift in Sources */ = {isa = PBXBuildFile; fileRef = D7C962A3257B5493001B1D42 /* RefuelsController.swift */; };
		D7F61234257CDF9600D51357 /* CellOption.swift in Sources */ = {isa = PBXBuildFile; fileRef = D7F61233257CDF9600D51357 /* CellOption.swift */; };
		D7F61237257CE1ED00D51357 /* AddRefuelCell.swift in Sources */ = {isa = PBXBuildFile; fileRef = D7F61236257CE1ED00D51357 /* AddRefuelCell.swift */; };
		D7F6123A257CE39800D51357 /* Extensions.swift in Sources */ = {isa = PBXBuildFile; fileRef = D7F61239257CE39800D51357 /* Extensions.swift */; };
/* End PBXBuildFile section */

/* Begin PBXFileReference section */
		D703A159257DBEEA00A427BA /* Refuel.swift */ = {isa = PBXFileReference; lastKnownFileType = sourcecode.swift; path = Refuel.swift; sourceTree = "<group>"; };
		D7C96279257B459F001B1D42 /* Refuel.app */ = {isa = PBXFileReference; explicitFileType = wrapper.application; includeInIndex = 0; path = Refuel.app; sourceTree = BUILT_PRODUCTS_DIR; };
		D7C9627C257B459F001B1D42 /* AppDelegate.swift */ = {isa = PBXFileReference; lastKnownFileType = sourcecode.swift; path = AppDelegate.swift; sourceTree = "<group>"; };
		D7C9627E257B459F001B1D42 /* SceneDelegate.swift */ = {isa = PBXFileReference; lastKnownFileType = sourcecode.swift; path = SceneDelegate.swift; sourceTree = "<group>"; };
		D7C96280257B459F001B1D42 /* AddRefuelController.swift */ = {isa = PBXFileReference; lastKnownFileType = sourcecode.swift; path = AddRefuelController.swift; sourceTree = "<group>"; };
		D7C96286257B459F001B1D42 /* Refuel.xcdatamodel */ = {isa = PBXFileReference; lastKnownFileType = wrapper.xcdatamodel; path = Refuel.xcdatamodel; sourceTree = "<group>"; };
		D7C96288257B45A7001B1D42 /* Assets.xcassets */ = {isa = PBXFileReference; lastKnownFileType = folder.assetcatalog; path = Assets.xcassets; sourceTree = "<group>"; };
		D7C9628B257B45A7001B1D42 /* Base */ = {isa = PBXFileReference; lastKnownFileType = file.storyboard; name = Base; path = Base.lproj/LaunchScreen.storyboard; sourceTree = "<group>"; };
		D7C9628D257B45A7001B1D42 /* Info.plist */ = {isa = PBXFileReference; lastKnownFileType = text.plist.xml; path = Info.plist; sourceTree = "<group>"; };
		D7C96297257B4D0E001B1D42 /* MainTabBarController.swift */ = {isa = PBXFileReference; lastKnownFileType = sourcecode.swift; path = MainTabBarController.swift; sourceTree = "<group>"; };
		D7C962A0257B5025001B1D42 /* Constants.swift */ = {isa = PBXFileReference; lastKnownFileType = sourcecode.swift; path = Constants.swift; sourceTree = "<group>"; };
		D7C962A3257B5493001B1D42 /* RefuelsController.swift */ = {isa = PBXFileReference; lastKnownFileType = sourcecode.swift; path = RefuelsController.swift; sourceTree = "<group>"; };
		D7F61233257CDF9600D51357 /* CellOption.swift */ = {isa = PBXFileReference; lastKnownFileType = sourcecode.swift; path = CellOption.swift; sourceTree = "<group>"; };
		D7F61236257CE1ED00D51357 /* AddRefuelCell.swift */ = {isa = PBXFileReference; lastKnownFileType = sourcecode.swift; path = AddRefuelCell.swift; sourceTree = "<group>"; };
		D7F61239257CE39800D51357 /* Extensions.swift */ = {isa = PBXFileReference; fileEncoding = 4; lastKnownFileType = sourcecode.swift; path = Extensions.swift; sourceTree = "<group>"; };
/* End PBXFileReference section */

/* Begin PBXFrameworksBuildPhase section */
		D7C96276257B459F001B1D42 /* Frameworks */ = {
			isa = PBXFrameworksBuildPhase;
			buildActionMask = 2147483647;
			files = (
			);
			runOnlyForDeploymentPostprocessing = 0;
		};
/* End PBXFrameworksBuildPhase section */

/* Begin PBXGroup section */
		D7C96270257B459F001B1D42 = {
			isa = PBXGroup;
			children = (
				D7C9627B257B459F001B1D42 /* Refuel */,
				D7C9627A257B459F001B1D42 /* Products */,
			);
			sourceTree = "<group>";
		};
		D7C9627A257B459F001B1D42 /* Products */ = {
			isa = PBXGroup;
			children = (
				D7C96279257B459F001B1D42 /* Refuel.app */,
			);
			name = Products;
			sourceTree = "<group>";
		};
		D7C9627B257B459F001B1D42 /* Refuel */ = {
			isa = PBXGroup;
			children = (
				D7C9629B257B4D97001B1D42 /* Model */,
				D7C9629C257B4DA2001B1D42 /* View */,
				D7C9629D257B4DB5001B1D42 /* Controller */,
				D7C9629F257B5007001B1D42 /* Utils */,
				D7C9627C257B459F001B1D42 /* AppDelegate.swift */,
				D7C9627E257B459F001B1D42 /* SceneDelegate.swift */,
				D7C96288257B45A7001B1D42 /* Assets.xcassets */,
				D7C9628A257B45A7001B1D42 /* LaunchScreen.storyboard */,
				D7C9628D257B45A7001B1D42 /* Info.plist */,
				D7C96285257B459F001B1D42 /* Refuel.xcdatamodeld */,
			);
			path = Refuel;
			sourceTree = "<group>";
		};
		D7C9629B257B4D97001B1D42 /* Model */ = {
			isa = PBXGroup;
			children = (
				D7F61233257CDF9600D51357 /* CellOption.swift */,
				D703A159257DBEEA00A427BA /* Refuel.swift */,
			);
			path = Model;
			sourceTree = "<group>";
		};
		D7C9629C257B4DA2001B1D42 /* View */ = {
			isa = PBXGroup;
			children = (
				D7F61236257CE1ED00D51357 /* AddRefuelCell.swift */,
			);
			path = View;
			sourceTree = "<group>";
		};
		D7C9629D257B4DB5001B1D42 /* Controller */ = {
			isa = PBXGroup;
			children = (
				D7C96297257B4D0E001B1D42 /* MainTabBarController.swift */,
				D7C96280257B459F001B1D42 /* AddRefuelController.swift */,
				D7C962A3257B5493001B1D42 /* RefuelsController.swift */,
			);
			path = Controller;
			sourceTree = "<group>";
		};
		D7C9629F257B5007001B1D42 /* Utils */ = {
			isa = PBXGroup;
			children = (
				D7C962A0257B5025001B1D42 /* Constants.swift */,
				D7F61239257CE39800D51357 /* Extensions.swift */,
			);
			path = Utils;
			sourceTree = "<group>";
		};
/* End PBXGroup section */

/* Begin PBXNativeTarget section */
		D7C96278257B459F001B1D42 /* Refuel */ = {
			isa = PBXNativeTarget;
			buildConfigurationList = D7C96290257B45A7001B1D42 /* Build configuration list for PBXNativeTarget "Refuel" */;
			buildPhases = (
				D7C96275257B459F001B1D42 /* Sources */,
				D7C96276257B459F001B1D42 /* Frameworks */,
				D7C96277257B459F001B1D42 /* Resources */,
			);
			buildRules = (
			);
			dependencies = (
			);
			name = Refuel;
			productName = Refuel;
			productReference = D7C96279257B459F001B1D42 /* Refuel.app */;
			productType = "com.apple.product-type.application";
		};
/* End PBXNativeTarget section */

/* Begin PBXProject section */
		D7C96271257B459F001B1D42 /* Project object */ = {
			isa = PBXProject;
			attributes = {
				LastSwiftUpdateCheck = 1220;
				LastUpgradeCheck = 1220;
				TargetAttributes = {
					D7C96278257B459F001B1D42 = {
						CreatedOnToolsVersion = 12.2;
					};
				};
			};
			buildConfigurationList = D7C96274257B459F001B1D42 /* Build configuration list for PBXProject "Refuel" */;
			compatibilityVersion = "Xcode 9.3";
			developmentRegion = en;
			hasScannedForEncodings = 0;
			knownRegions = (
				en,
				Base,
			);
			mainGroup = D7C96270257B459F001B1D42;
			productRefGroup = D7C9627A257B459F001B1D42 /* Products */;
			projectDirPath = "";
			projectRoot = "";
			targets = (
				D7C96278257B459F001B1D42 /* Refuel */,
			);
		};
/* End PBXProject section */

/* Begin PBXResourcesBuildPhase section */
		D7C96277257B459F001B1D42 /* Resources */ = {
			isa = PBXResourcesBuildPhase;
			buildActionMask = 2147483647;
			files = (
				D7C9628C257B45A7001B1D42 /* LaunchScreen.storyboard in Resources */,
				D7C96289257B45A7001B1D42 /* Assets.xcassets in Resources */,
			);
			runOnlyForDeploymentPostprocessing = 0;
		};
/* End PBXResourcesBuildPhase section */

/* Begin PBXSourcesBuildPhase section */
		D7C96275257B459F001B1D42 /* Sources */ = {
			isa = PBXSourcesBuildPhase;
			buildActionMask = 2147483647;
			files = (
				D7C96281257B459F001B1D42 /* AddRefuelController.swift in Sources */,
				D7C962A4257B5493001B1D42 /* RefuelsController.swift in Sources */,
				D7C9627D257B459F001B1D42 /* AppDelegate.swift in Sources */,
				D7C96298257B4D0E001B1D42 /* MainTabBarController.swift in Sources */,
				D7F61234257CDF9600D51357 /* CellOption.swift in Sources */,
				D7F6123A257CE39800D51357 /* Extensions.swift in Sources */,
				D7C96287257B459F001B1D42 /* Refuel.xcdatamodeld in Sources */,
				D7C9627F257B459F001B1D42 /* SceneDelegate.swift in Sources */,
				D7F61237257CE1ED00D51357 /* AddRefuelCell.swift in Sources */,
				D703A15A257DBEEA00A427BA /* Refuel.swift in Sources */,
				D7C962A1257B5025001B1D42 /* Constants.swift in Sources */,
			);
			runOnlyForDeploymentPostprocessing = 0;
		};
/* End PBXSourcesBuildPhase section */

/* Begin PBXVariantGroup section */
		D7C9628A257B45A7001B1D42 /* LaunchScreen.storyboard */ = {
			isa = PBXVariantGroup;
			children = (
				D7C9628B257B45A7001B1D42 /* Base */,
			);
			name = LaunchScreen.storyboard;
			sourceTree = "<group>";
		};
/* End PBXVariantGroup section */

/* Begin XCBuildConfiguration section */
		D7C9628E257B45A7001B1D42 /* Debug */ = {
			isa = XCBuildConfiguration;
			buildSettings = {
				ALWAYS_SEARCH_USER_PATHS = NO;
				CLANG_ANALYZER_NONNULL = YES;
				CLANG_ANALYZER_NUMBER_OBJECT_CONVERSION = YES_AGGRESSIVE;
				CLANG_CXX_LANGUAGE_STANDARD = "gnu++14";
				CLANG_CXX_LIBRARY = "libc++";
				CLANG_ENABLE_MODULES = YES;
				CLANG_ENABLE_OBJC_ARC = YES;
				CLANG_ENABLE_OBJC_WEAK = YES;
				CLANG_WARN_BLOCK_CAPTURE_AUTORELEASING = YES;
				CLANG_WARN_BOOL_CONVERSION = YES;
				CLANG_WARN_COMMA = YES;
				CLANG_WARN_CONSTANT_CONVERSION = YES;
				CLANG_WARN_DEPRECATED_OBJC_IMPLEMENTATIONS = YES;
				CLANG_WARN_DIRECT_OBJC_ISA_USAGE = YES_ERROR;
				CLANG_WARN_DOCUMENTATION_COMMENTS = YES;
				CLANG_WARN_EMPTY_BODY = YES;
				CLANG_WARN_ENUM_CONVERSION = YES;
				CLANG_WARN_INFINITE_RECURSION = YES;
				CLANG_WARN_INT_CONVERSION = YES;
				CLANG_WARN_NON_LITERAL_NULL_CONVERSION = YES;
				CLANG_WARN_OBJC_IMPLICIT_RETAIN_SELF = YES;
				CLANG_WARN_OBJC_LITERAL_CONVERSION = YES;
				CLANG_WARN_OBJC_ROOT_CLASS = YES_ERROR;
				CLANG_WARN_QUOTED_INCLUDE_IN_FRAMEWORK_HEADER = YES;
				CLANG_WARN_RANGE_LOOP_ANALYSIS = YES;
				CLANG_WARN_STRICT_PROTOTYPES = YES;
				CLANG_WARN_SUSPICIOUS_MOVE = YES;
				CLANG_WARN_UNGUARDED_AVAILABILITY = YES_AGGRESSIVE;
				CLANG_WARN_UNREACHABLE_CODE = YES;
				CLANG_WARN__DUPLICATE_METHOD_MATCH = YES;
				COPY_PHASE_STRIP = NO;
				DEBUG_INFORMATION_FORMAT = dwarf;
				ENABLE_STRICT_OBJC_MSGSEND = YES;
				ENABLE_TESTABILITY = YES;
				GCC_C_LANGUAGE_STANDARD = gnu11;
				GCC_DYNAMIC_NO_PIC = NO;
				GCC_NO_COMMON_BLOCKS = YES;
				GCC_OPTIMIZATION_LEVEL = 0;
				GCC_PREPROCESSOR_DEFINITIONS = (
					"DEBUG=1",
					"$(inherited)",
				);
				GCC_WARN_64_TO_32_BIT_CONVERSION = YES;
				GCC_WARN_ABOUT_RETURN_TYPE = YES_ERROR;
				GCC_WARN_UNDECLARED_SELECTOR = YES;
				GCC_WARN_UNINITIALIZED_AUTOS = YES_AGGRESSIVE;
				GCC_WARN_UNUSED_FUNCTION = YES;
				GCC_WARN_UNUSED_VARIABLE = YES;
				IPHONEOS_DEPLOYMENT_TARGET = 10.0;
				MTL_ENABLE_DEBUG_INFO = INCLUDE_SOURCE;
				MTL_FAST_MATH = YES;
				ONLY_ACTIVE_ARCH = YES;
				SDKROOT = iphoneos;
				SWIFT_ACTIVE_COMPILATION_CONDITIONS = DEBUG;
				SWIFT_OPTIMIZATION_LEVEL = "-Onone";
			};
			name = Debug;
		};
		D7C9628F257B45A7001B1D42 /* Release */ = {
			isa = XCBuildConfiguration;
			buildSettings = {
				ALWAYS_SEARCH_USER_PATHS = NO;
				CLANG_ANALYZER_NONNULL = YES;
				CLANG_ANALYZER_NUMBER_OBJECT_CONVERSION = YES_AGGRESSIVE;
				CLANG_CXX_LANGUAGE_STANDARD = "gnu++14";
				CLANG_CXX_LIBRARY = "libc++";
				CLANG_ENABLE_MODULES = YES;
				CLANG_ENABLE_OBJC_ARC = YES;
				CLANG_ENABLE_OBJC_WEAK = YES;
				CLANG_WARN_BLOCK_CAPTURE_AUTORELEASING = YES;
				CLANG_WARN_BOOL_CONVERSION = YES;
				CLANG_WARN_COMMA = YES;
				CLANG_WARN_CONSTANT_CONVERSION = YES;
				CLANG_WARN_DEPRECATED_OBJC_IMPLEMENTATIONS = YES;
				CLANG_WARN_DIRECT_OBJC_ISA_USAGE = YES_ERROR;
				CLANG_WARN_DOCUMENTATION_COMMENTS = YES;
				CLANG_WARN_EMPTY_BODY = YES;
				CLANG_WARN_ENUM_CONVERSION = YES;
				CLANG_WARN_INFINITE_RECURSION = YES;
				CLANG_WARN_INT_CONVERSION = YES;
				CLANG_WARN_NON_LITERAL_NULL_CONVERSION = YES;
				CLANG_WARN_OBJC_IMPLICIT_RETAIN_SELF = YES;
				CLANG_WARN_OBJC_LITERAL_CONVERSION = YES;
				CLANG_WARN_OBJC_ROOT_CLASS = YES_ERROR;
				CLANG_WARN_QUOTED_INCLUDE_IN_FRAMEWORK_HEADER = YES;
				CLANG_WARN_RANGE_LOOP_ANALYSIS = YES;
				CLANG_WARN_STRICT_PROTOTYPES = YES;
				CLANG_WARN_SUSPICIOUS_MOVE = YES;
				CLANG_WARN_UNGUARDED_AVAILABILITY = YES_AGGRESSIVE;
				CLANG_WARN_UNREACHABLE_CODE = YES;
				CLANG_WARN__DUPLICATE_METHOD_MATCH = YES;
				COPY_PHASE_STRIP = NO;
				DEBUG_INFORMATION_FORMAT = "dwarf-with-dsym";
				ENABLE_NS_ASSERTIONS = NO;
				ENABLE_STRICT_OBJC_MSGSEND = YES;
				GCC_C_LANGUAGE_STANDARD = gnu11;
				GCC_NO_COMMON_BLOCKS = YES;
				GCC_WARN_64_TO_32_BIT_CONVERSION = YES;
				GCC_WARN_ABOUT_RETURN_TYPE = YES_ERROR;
				GCC_WARN_UNDECLARED_SELECTOR = YES;
				GCC_WARN_UNINITIALIZED_AUTOS = YES_AGGRESSIVE;
				GCC_WARN_UNUSED_FUNCTION = YES;
				GCC_WARN_UNUSED_VARIABLE = YES;
				IPHONEOS_DEPLOYMENT_TARGET = 10.0;
				MTL_ENABLE_DEBUG_INFO = NO;
				MTL_FAST_MATH = YES;
				SDKROOT = iphoneos;
				SWIFT_COMPILATION_MODE = wholemodule;
				SWIFT_OPTIMIZATION_LEVEL = "-O";
				VALIDATE_PRODUCT = YES;
			};
			name = Release;
		};
		D7C96291257B45A7001B1D42 /* Debug */ = {
			isa = XCBuildConfiguration;
			buildSettings = {
				ASSETCATALOG_COMPILER_APPICON_NAME = AppIcon;
				ASSETCATALOG_COMPILER_GLOBAL_ACCENT_COLOR_NAME = AccentColor;
				CODE_SIGN_STYLE = Automatic;
				DEVELOPMENT_TEAM = 973295K87L;
				INFOPLIST_FILE = Refuel/Info.plist;
				LD_RUNPATH_SEARCH_PATHS = (
					"$(inherited)",
					"@executable_path/Frameworks",
				);
				PRODUCT_BUNDLE_IDENTIFIER = com.motodolphin.Refuel;
				PRODUCT_NAME = "$(TARGET_NAME)";
				SWIFT_VERSION = 5.0;
				TARGETED_DEVICE_FAMILY = "1,2";
			};
			name = Debug;
		};
		D7C96292257B45A7001B1D42 /* Release */ = {
			isa = XCBuildConfiguration;
			buildSettings = {
				ASSETCATALOG_COMPILER_APPICON_NAME = AppIcon;
				ASSETCATALOG_COMPILER_GLOBAL_ACCENT_COLOR_NAME = AccentColor;
				CODE_SIGN_STYLE = Automatic;
				DEVELOPMENT_TEAM = 973295K87L;
				INFOPLIST_FILE = Refuel/Info.plist;
				LD_RUNPATH_SEARCH_PATHS = (
					"$(inherited)",
					"@executable_path/Frameworks",
				);
				PRODUCT_BUNDLE_IDENTIFIER = com.motodolphin.Refuel;
				PRODUCT_NAME = "$(TARGET_NAME)";
				SWIFT_VERSION = 5.0;
				TARGETED_DEVICE_FAMILY = "1,2";
			};
			name = Release;
		};
/* End XCBuildConfiguration section */

/* Begin XCConfigurationList section */
		D7C96274257B459F001B1D42 /* Build configuration list for PBXProject "Refuel" */ = {
			isa = XCConfigurationList;
			buildConfigurations = (
				D7C9628E257B45A7001B1D42 /* Debug */,
				D7C9628F257B45A7001B1D42 /* Release */,
			);
			defaultConfigurationIsVisible = 0;
			defaultConfigurationName = Release;
		};
		D7C96290257B45A7001B1D42 /* Build configuration list for PBXNativeTarget "Refuel" */ = {
			isa = XCConfigurationList;
			buildConfigurations = (
				D7C96291257B45A7001B1D42 /* Debug */,
				D7C96292257B45A7001B1D42 /* Release */,
			);
			defaultConfigurationIsVisible = 0;
			defaultConfigurationName = Release;
		};
/* End XCConfigurationList section */

/* Begin XCVersionGroup section */
		D7C96285257B459F001B1D42 /* Refuel.xcdatamodeld */ = {
			isa = XCVersionGroup;
			children = (
				D7C96286257B459F001B1D42 /* Refuel.xcdatamodel */,
			);
			currentVersion = D7C96286257B459F001B1D42 /* Refuel.xcdatamodel */;
			path = Refuel.xcdatamodeld;
			sourceTree = "<group>";
			versionGroupType = wrapper.xcdatamodel;
		};
/* End XCVersionGroup section */
	};
	rootObject = D7C96271257B459F001B1D42 /* Project object */;
}
